
Microsoft Visual Studio Solution File, Format Version 12.00
# Visual Studio Version 17
VisualStudioVersion = 17.9.34407.89
MinimumVisualStudioVersion = 10.0.40219.1
Project("{F184B08F-C81C-45F6-A57F-5ABD9991F28F}") = "[22880041].[BT_TUAN_2]", "[22880041].[BT_TUAN_2]\[22880041].[BT_TUAN_2].vbproj", "{D9A3C264-D274-425E-B1EB-B9F057BA8451}"
EndProject
Global
	GlobalSection(SolutionConfigurationPlatforms) = preSolution
		Debug|Any CPU = Debug|Any CPU
		Release|Any CPU = Release|Any CPU
	EndGlobalSection
	GlobalSection(ProjectConfigurationPlatforms) = postSolution
		{D9A3C264-D274-425E-B1EB-B9F057BA8451}.Debug|Any CPU.ActiveCfg = Debug|Any CPU
		{D9A3C264-D274-425E-B1EB-B9F057BA8451}.Debug|Any CPU.Build.0 = Debug|Any CPU
		{D9A3C264-D274-425E-B1EB-B9F057BA8451}.Release|Any CPU.ActiveCfg = Release|Any CPU
		{D9A3C264-D274-425E-B1EB-B9F057BA8451}.Release|Any CPU.Build.0 = Release|Any CPU
	EndGlobalSection
	GlobalSection(SolutionProperties) = preSolution
		HideSolutionNode = FALSE
	EndGlobalSection
	GlobalSection(ExtensibilityGlobals) = postSolution
		SolutionGuid = {CD0755A8-68E3-41F2-B023-B1439F57DE30}
	EndGlobalSection
EndGlobal
